// !$*UTF8*$!
{
	archiveVersion = 1;
	classes = {
	};
	objectVersion = 55;
	objects = {

/* Begin PBXBuildFile section */
		51223641288F3D1E00CE646F /* AppDelegate.swift in Sources */ = {isa = PBXBuildFile; fileRef = 51223640288F3D1E00CE646F /* AppDelegate.swift */; };
		51223643288F3D1E00CE646F /* SceneDelegate.swift in Sources */ = {isa = PBXBuildFile; fileRef = 51223642288F3D1E00CE646F /* SceneDelegate.swift */; };
		51223645288F3D1E00CE646F /* ViewController.swift in Sources */ = {isa = PBXBuildFile; fileRef = 51223644288F3D1E00CE646F /* ViewController.swift */; };
		5122364A288F3D1F00CE646F /* Assets.xcassets in Resources */ = {isa = PBXBuildFile; fileRef = 51223649288F3D1F00CE646F /* Assets.xcassets */; };
		5122364D288F3D1F00CE646F /* LaunchScreen.storyboard in Resources */ = {isa = PBXBuildFile; fileRef = 5122364B288F3D1F00CE646F /* LaunchScreen.storyboard */; };
		51223657288F3D6000CE646F /* Main.storyboard in Resources */ = {isa = PBXBuildFile; fileRef = 51223656288F3D6000CE646F /* Main.storyboard */; };
		51223659288F3F3700CE646F /* Queen.mp3 in Resources */ = {isa = PBXBuildFile; fileRef = 51223658288F3F3700CE646F /* Queen.mp3 */; };
		51C7A8FB28909FF6003FC381 /* unkown.mp3 in Resources */ = {isa = PBXBuildFile; fileRef = 51C7A8F628909FF6003FC381 /* unkown.mp3 */; };
		51C7A8FC28909FF6003FC381 /* keraunos.mp3 in Resources */ = {isa = PBXBuildFile; fileRef = 51C7A8F728909FF6003FC381 /* keraunos.mp3 */; };
		51C7A8FD28909FF6003FC381 /* Murder in my mind.mp3 in Resources */ = {isa = PBXBuildFile; fileRef = 51C7A8F828909FF6003FC381 /* Murder in my mind.mp3 */; };
		51C7A8FE28909FF6003FC381 /* mareux.mp3 in Resources */ = {isa = PBXBuildFile; fileRef = 51C7A8F928909FF6003FC381 /* mareux.mp3 */; };
		51C7A8FF28909FF6003FC381 /* spacecadet.mp3 in Resources */ = {isa = PBXBuildFile; fileRef = 51C7A8FA28909FF6003FC381 /* spacecadet.mp3 */; };
/* End PBXBuildFile section */

/* Begin PBXFileReference section */
		5122363D288F3D1E00CE646F /* BasicAudioPlayer.app */ = {isa = PBXFileReference; explicitFileType = wrapper.application; includeInIndex = 0; path = BasicAudioPlayer.app; sourceTree = BUILT_PRODUCTS_DIR; };
		51223640288F3D1E00CE646F /* AppDelegate.swift */ = {isa = PBXFileReference; lastKnownFileType = sourcecode.swift; path = AppDelegate.swift; sourceTree = "<group>"; };
		51223642288F3D1E00CE646F /* SceneDelegate.swift */ = {isa = PBXFileReference; lastKnownFileType = sourcecode.swift; path = SceneDelegate.swift; sourceTree = "<group>"; };
		51223644288F3D1E00CE646F /* ViewController.swift */ = {isa = PBXFileReference; lastKnownFileType = sourcecode.swift; path = ViewController.swift; sourceTree = "<group>"; };
		51223649288F3D1F00CE646F /* Assets.xcassets */ = {isa = PBXFileReference; lastKnownFileType = folder.assetcatalog; path = Assets.xcassets; sourceTree = "<group>"; };
		5122364C288F3D1F00CE646F /* Base */ = {isa = PBXFileReference; lastKnownFileType = file.storyboard; name = Base; path = Base.lproj/LaunchScreen.storyboard; sourceTree = "<group>"; };
		5122364E288F3D1F00CE646F /* Info.plist */ = {isa = PBXFileReference; lastKnownFileType = text.plist.xml; path = Info.plist; sourceTree = "<group>"; };
		51223656288F3D6000CE646F /* Main.storyboard */ = {isa = PBXFileReference; fileEncoding = 4; lastKnownFileType = file.storyboard; path = Main.storyboard; sourceTree = "<group>"; };
		51223658288F3F3700CE646F /* Queen.mp3 */ = {isa = PBXFileReference; lastKnownFileType = audio.mp3; path = Queen.mp3; sourceTree = "<group>"; };
		51C7A8F628909FF6003FC381 /* unkown.mp3 */ = {isa = PBXFileReference; lastKnownFileType = audio.mp3; path = unkown.mp3; sourceTree = "<group>"; };
		51C7A8F728909FF6003FC381 /* keraunos.mp3 */ = {isa = PBXFileReference; lastKnownFileType = audio.mp3; path = keraunos.mp3; sourceTree = "<group>"; };
		51C7A8F828909FF6003FC381 /* Murder in my mind.mp3 */ = {isa = PBXFileReference; lastKnownFileType = audio.mp3; path = "Murder in my mind.mp3"; sourceTree = "<group>"; };
		51C7A8F928909FF6003FC381 /* mareux.mp3 */ = {isa = PBXFileReference; lastKnownFileType = audio.mp3; path = mareux.mp3; sourceTree = "<group>"; };
		51C7A8FA28909FF6003FC381 /* spacecadet.mp3 */ = {isa = PBXFileReference; lastKnownFileType = audio.mp3; path = spacecadet.mp3; sourceTree = "<group>"; };
/* End PBXFileReference section */

/* Begin PBXFrameworksBuildPhase section */
		5122363A288F3D1E00CE646F /* Frameworks */ = {
			isa = PBXFrameworksBuildPhase;
			buildActionMask = 2147483647;
			files = (
			);
			runOnlyForDeploymentPostprocessing = 0;
		};
/* End PBXFrameworksBuildPhase section */

/* Begin PBXGroup section */
		51223634288F3D1E00CE646F = {
			isa = PBXGroup;
			children = (
				5122363F288F3D1E00CE646F /* BasicAudioPlayer */,
				5122363E288F3D1E00CE646F /* Products */,
			);
			sourceTree = "<group>";
		};
		5122363E288F3D1E00CE646F /* Products */ = {
			isa = PBXGroup;
			children = (
				5122363D288F3D1E00CE646F /* BasicAudioPlayer.app */,
			);
			name = Products;
			sourceTree = "<group>";
		};
		5122363F288F3D1E00CE646F /* BasicAudioPlayer */ = {
			isa = PBXGroup;
			children = (
				51C7A8F328909866003FC381 /* Model */,
				51C7A8F42890986B003FC381 /* View */,
				51C7A8F528909871003FC381 /* Controller */,
				51223640288F3D1E00CE646F /* AppDelegate.swift */,
				51223642288F3D1E00CE646F /* SceneDelegate.swift */,
				51223649288F3D1F00CE646F /* Assets.xcassets */,
				5122364B288F3D1F00CE646F /* LaunchScreen.storyboard */,
				5122364E288F3D1F00CE646F /* Info.plist */,
				5122365A288F3F6200CE646F /* Music */,
			);
			path = BasicAudioPlayer;
			sourceTree = "<group>";
		};
		5122365A288F3F6200CE646F /* Music */ = {
			isa = PBXGroup;
			children = (
				51223658288F3F3700CE646F /* Queen.mp3 */,
				51C7A8F728909FF6003FC381 /* keraunos.mp3 */,
				51C7A8F928909FF6003FC381 /* mareux.mp3 */,
				51C7A8F828909FF6003FC381 /* Murder in my mind.mp3 */,
				51C7A8FA28909FF6003FC381 /* spacecadet.mp3 */,
				51C7A8F628909FF6003FC381 /* unkown.mp3 */,
			);
			path = Music;
			sourceTree = "<group>";
		};
		51C7A8F328909866003FC381 /* Model */ = {
			isa = PBXGroup;
			children = (
			);
			path = Model;
			sourceTree = "<group>";
		};
		51C7A8F42890986B003FC381 /* View */ = {
			isa = PBXGroup;
			children = (
				51223656288F3D6000CE646F /* Main.storyboard */,
			);
			path = View;
			sourceTree = "<group>";
		};
		51C7A8F528909871003FC381 /* Controller */ = {
			isa = PBXGroup;
			children = (
				51223644288F3D1E00CE646F /* ViewController.swift */,
			);
			path = Controller;
			sourceTree = "<group>";
		};
/* End PBXGroup section */

/* Begin PBXNativeTarget section */
		5122363C288F3D1E00CE646F /* BasicAudioPlayer */ = {
			isa = PBXNativeTarget;
			buildConfigurationList = 51223651288F3D1F00CE646F /* Build configuration list for PBXNativeTarget "BasicAudioPlayer" */;
			buildPhases = (
				51223639288F3D1E00CE646F /* Sources */,
				5122363A288F3D1E00CE646F /* Frameworks */,
				5122363B288F3D1E00CE646F /* Resources */,
			);
			buildRules = (
			);
			dependencies = (
			);
			name = BasicAudioPlayer;
			productName = BasicAudioPlayer;
			productReference = 5122363D288F3D1E00CE646F /* BasicAudioPlayer.app */;
			productType = "com.apple.product-type.application";
		};
/* End PBXNativeTarget section */

/* Begin PBXProject section */
		51223635288F3D1E00CE646F /* Project object */ = {
			isa = PBXProject;
			attributes = {
				BuildIndependentTargetsInParallel = 1;
				LastSwiftUpdateCheck = 1340;
				LastUpgradeCheck = 1340;
				TargetAttributes = {
					5122363C288F3D1E00CE646F = {
						CreatedOnToolsVersion = 13.4.1;
					};
				};
			};
			buildConfigurationList = 51223638288F3D1E00CE646F /* Build configuration list for PBXProject "BasicAudioPlayer" */;
			compatibilityVersion = "Xcode 13.0";
			developmentRegion = en;
			hasScannedForEncodings = 0;
			knownRegions = (
				en,
				Base,
			);
			mainGroup = 51223634288F3D1E00CE646F;
			productRefGroup = 5122363E288F3D1E00CE646F /* Products */;
			projectDirPath = "";
			projectRoot = "";
			targets = (
				5122363C288F3D1E00CE646F /* BasicAudioPlayer */,
			);
		};
/* End PBXProject section */

/* Begin PBXResourcesBuildPhase section */
		5122363B288F3D1E00CE646F /* Resources */ = {
			isa = PBXResourcesBuildPhase;
			buildActionMask = 2147483647;
			files = (
				5122364D288F3D1F00CE646F /* LaunchScreen.storyboard in Resources */,
				51C7A8FD28909FF6003FC381 /* Murder in my mind.mp3 in Resources */,
				51C7A8FE28909FF6003FC381 /* mareux.mp3 in Resources */,
				51C7A8FB28909FF6003FC381 /* unkown.mp3 in Resources */,
				51223659288F3F3700CE646F /* Queen.mp3 in Resources */,
				51C7A8FF28909FF6003FC381 /* spacecadet.mp3 in Resources */,
				5122364A288F3D1F00CE646F /* Assets.xcassets in Resources */,
				51C7A8FC28909FF6003FC381 /* keraunos.mp3 in Resources */,
				51223657288F3D6000CE646F /* Main.storyboard in Resources */,
			);
			runOnlyForDeploymentPostprocessing = 0;
		};
/* End PBXResourcesBuildPhase section */

/* Begin PBXSourcesBuildPhase section */
		51223639288F3D1E00CE646F /* Sources */ = {
			isa = PBXSourcesBuildPhase;
			buildActionMask = 2147483647;
			files = (
				51223645288F3D1E00CE646F /* ViewController.swift in Sources */,
				51223641288F3D1E00CE646F /* AppDelegate.swift in Sources */,
				51223643288F3D1E00CE646F /* SceneDelegate.swift in Sources */,
			);
			runOnlyForDeploymentPostprocessing = 0;
		};
/* End PBXSourcesBuildPhase section */

/* Begin PBXVariantGroup section */
		5122364B288F3D1F00CE646F /* LaunchScreen.storyboard */ = {
			isa = PBXVariantGroup;
			children = (
				5122364C288F3D1F00CE646F /* Base */,
			);
			name = LaunchScreen.storyboard;
			sourceTree = "<group>";
		};
/* End PBXVariantGroup section */

/* Begin XCBuildConfiguration section */
		5122364F288F3D1F00CE646F /* Debug */ = {
			isa = XCBuildConfiguration;
			buildSettings = {
				ALWAYS_SEARCH_USER_PATHS = NO;
				CLANG_ANALYZER_NONNULL = YES;
				CLANG_ANALYZER_NUMBER_OBJECT_CONVERSION = YES_AGGRESSIVE;
				CLANG_CXX_LANGUAGE_STANDARD = "gnu++17";
				CLANG_ENABLE_MODULES = YES;
				CLANG_ENABLE_OBJC_ARC = YES;
				CLANG_ENABLE_OBJC_WEAK = YES;
				CLANG_WARN_BLOCK_CAPTURE_AUTORELEASING = YES;
				CLANG_WARN_BOOL_CONVERSION = YES;
				CLANG_WARN_COMMA = YES;
				CLANG_WARN_CONSTANT_CONVERSION = YES;
				CLANG_WARN_DEPRECATED_OBJC_IMPLEMENTATIONS = YES;
				CLANG_WARN_DIRECT_OBJC_ISA_USAGE = YES_ERROR;
				CLANG_WARN_DOCUMENTATION_COMMENTS = YES;
				CLANG_WARN_EMPTY_BODY = YES;
				CLANG_WARN_ENUM_CONVERSION = YES;
				CLANG_WARN_INFINITE_RECURSION = YES;
				CLANG_WARN_INT_CONVERSION = YES;
				CLANG_WARN_NON_LITERAL_NULL_CONVERSION = YES;
				CLANG_WARN_OBJC_IMPLICIT_RETAIN_SELF = YES;
				CLANG_WARN_OBJC_LITERAL_CONVERSION = YES;
				CLANG_WARN_OBJC_ROOT_CLASS = YES_ERROR;
				CLANG_WARN_QUOTED_INCLUDE_IN_FRAMEWORK_HEADER = YES;
				CLANG_WARN_RANGE_LOOP_ANALYSIS = YES;
				CLANG_WARN_STRICT_PROTOTYPES = YES;
				CLANG_WARN_SUSPICIOUS_MOVE = YES;
				CLANG_WARN_UNGUARDED_AVAILABILITY = YES_AGGRESSIVE;
				CLANG_WARN_UNREACHABLE_CODE = YES;
				CLANG_WARN__DUPLICATE_METHOD_MATCH = YES;
				COPY_PHASE_STRIP = NO;
				DEBUG_INFORMATION_FORMAT = dwarf;
				ENABLE_STRICT_OBJC_MSGSEND = YES;
				ENABLE_TESTABILITY = YES;
				GCC_C_LANGUAGE_STANDARD = gnu11;
				GCC_DYNAMIC_NO_PIC = NO;
				GCC_NO_COMMON_BLOCKS = YES;
				GCC_OPTIMIZATION_LEVEL = 0;
				GCC_PREPROCESSOR_DEFINITIONS = (
					"DEBUG=1",
					"$(inherited)",
				);
				GCC_WARN_64_TO_32_BIT_CONVERSION = YES;
				GCC_WARN_ABOUT_RETURN_TYPE = YES_ERROR;
				GCC_WARN_UNDECLARED_SELECTOR = YES;
				GCC_WARN_UNINITIALIZED_AUTOS = YES_AGGRESSIVE;
				GCC_WARN_UNUSED_FUNCTION = YES;
				GCC_WARN_UNUSED_VARIABLE = YES;
				IPHONEOS_DEPLOYMENT_TARGET = 15.5;
				MTL_ENABLE_DEBUG_INFO = INCLUDE_SOURCE;
				MTL_FAST_MATH = YES;
				ONLY_ACTIVE_ARCH = YES;
				SDKROOT = iphoneos;
				SWIFT_ACTIVE_COMPILATION_CONDITIONS = DEBUG;
				SWIFT_OPTIMIZATION_LEVEL = "-Onone";
			};
			name = Debug;
		};
		51223650288F3D1F00CE646F /* Release */ = {
			isa = XCBuildConfiguration;
			buildSettings = {
				ALWAYS_SEARCH_USER_PATHS = NO;
				CLANG_ANALYZER_NONNULL = YES;
				CLANG_ANALYZER_NUMBER_OBJECT_CONVERSION = YES_AGGRESSIVE;
				CLANG_CXX_LANGUAGE_STANDARD = "gnu++17";
				CLANG_ENABLE_MODULES = YES;
				CLANG_ENABLE_OBJC_ARC = YES;
				CLANG_ENABLE_OBJC_WEAK = YES;
				CLANG_WARN_BLOCK_CAPTURE_AUTORELEASING = YES;
				CLANG_WARN_BOOL_CONVERSION = YES;
				CLANG_WARN_COMMA = YES;
				CLANG_WARN_CONSTANT_CONVERSION = YES;
				CLANG_WARN_DEPRECATED_OBJC_IMPLEMENTATIONS = YES;
				CLANG_WARN_DIRECT_OBJC_ISA_USAGE = YES_ERROR;
				CLANG_WARN_DOCUMENTATION_COMMENTS = YES;
				CLANG_WARN_EMPTY_BODY = YES;
				CLANG_WARN_ENUM_CONVERSION = YES;
				CLANG_WARN_INFINITE_RECURSION = YES;
				CLANG_WARN_INT_CONVERSION = YES;
				CLANG_WARN_NON_LITERAL_NULL_CONVERSION = YES;
				CLANG_WARN_OBJC_IMPLICIT_RETAIN_SELF = YES;
				CLANG_WARN_OBJC_LITERAL_CONVERSION = YES;
				CLANG_WARN_OBJC_ROOT_CLASS = YES_ERROR;
				CLANG_WARN_QUOTED_INCLUDE_IN_FRAMEWORK_HEADER = YES;
				CLANG_WARN_RANGE_LOOP_ANALYSIS = YES;
				CLANG_WARN_STRICT_PROTOTYPES = YES;
				CLANG_WARN_SUSPICIOUS_MOVE = YES;
				CLANG_WARN_UNGUARDED_AVAILABILITY = YES_AGGRESSIVE;
				CLANG_WARN_UNREACHABLE_CODE = YES;
				CLANG_WARN__DUPLICATE_METHOD_MATCH = YES;
				COPY_PHASE_STRIP = NO;
				DEBUG_INFORMATION_FORMAT = "dwarf-with-dsym";
				ENABLE_NS_ASSERTIONS = NO;
				ENABLE_STRICT_OBJC_MSGSEND = YES;
				GCC_C_LANGUAGE_STANDARD = gnu11;
				GCC_NO_COMMON_BLOCKS = YES;
				GCC_WARN_64_TO_32_BIT_CONVERSION = YES;
				GCC_WARN_ABOUT_RETURN_TYPE = YES_ERROR;
				GCC_WARN_UNDECLARED_SELECTOR = YES;
				GCC_WARN_UNINITIALIZED_AUTOS = YES_AGGRESSIVE;
				GCC_WARN_UNUSED_FUNCTION = YES;
				GCC_WARN_UNUSED_VARIABLE = YES;
				IPHONEOS_DEPLOYMENT_TARGET = 15.5;
				MTL_ENABLE_DEBUG_INFO = NO;
				MTL_FAST_MATH = YES;
				SDKROOT = iphoneos;
				SWIFT_COMPILATION_MODE = wholemodule;
				SWIFT_OPTIMIZATION_LEVEL = "-O";
				VALIDATE_PRODUCT = YES;
			};
			name = Release;
		};
		51223652288F3D1F00CE646F /* Debug */ = {
			isa = XCBuildConfiguration;
			buildSettings = {
				ASSETCATALOG_COMPILER_APPICON_NAME = AppIcon;
				ASSETCATALOG_COMPILER_GLOBAL_ACCENT_COLOR_NAME = AccentColor;
				CODE_SIGN_STYLE = Automatic;
				CURRENT_PROJECT_VERSION = 1;
				DEVELOPMENT_TEAM = F26DHS538R;
				GENERATE_INFOPLIST_FILE = YES;
				INFOPLIST_FILE = BasicAudioPlayer/Info.plist;
				INFOPLIST_KEY_UIApplicationSupportsIndirectInputEvents = YES;
				INFOPLIST_KEY_UILaunchStoryboardName = LaunchScreen;
				INFOPLIST_KEY_UIMainStoryboardFile = Main;
				INFOPLIST_KEY_UISupportedInterfaceOrientations = UIInterfaceOrientationPortrait;
				IPHONEOS_DEPLOYMENT_TARGET = 14.0;
				LD_RUNPATH_SEARCH_PATHS = (
					"$(inherited)",
					"@executable_path/Frameworks",
				);
				MARKETING_VERSION = 1.0;
				PRODUCT_BUNDLE_IDENTIFIER = com.MichaelK.BasicAudioPlayer;
				PRODUCT_NAME = "$(TARGET_NAME)";
				SWIFT_EMIT_LOC_STRINGS = YES;
				SWIFT_VERSION = 5.0;
				TARGETED_DEVICE_FAMILY = "1,2";
			};
			name = Debug;
		};
		51223653288F3D1F00CE646F /* Release */ = {
			isa = XCBuildConfiguration;
			buildSettings = {
				ASSETCATALOG_COMPILER_APPICON_NAME = AppIcon;
				ASSETCATALOG_COMPILER_GLOBAL_ACCENT_COLOR_NAME = AccentColor;
				CODE_SIGN_STYLE = Automatic;
				CURRENT_PROJECT_VERSION = 1;
				DEVELOPMENT_TEAM = F26DHS538R;
				GENERATE_INFOPLIST_FILE = YES;
				INFOPLIST_FILE = BasicAudioPlayer/Info.plist;
				INFOPLIST_KEY_UIApplicationSupportsIndirectInputEvents = YES;
				INFOPLIST_KEY_UILaunchStoryboardName = LaunchScreen;
				INFOPLIST_KEY_UIMainStoryboardFile = Main;
				INFOPLIST_KEY_UISupportedInterfaceOrientations = UIInterfaceOrientationPortrait;
				IPHONEOS_DEPLOYMENT_TARGET = 14.0;
				LD_RUNPATH_SEARCH_PATHS = (
					"$(inherited)",
					"@executable_path/Frameworks",
				);
				MARKETING_VERSION = 1.0;
				PRODUCT_BUNDLE_IDENTIFIER = com.MichaelK.BasicAudioPlayer;
				PRODUCT_NAME = "$(TARGET_NAME)";
				SWIFT_EMIT_LOC_STRINGS = YES;
				SWIFT_VERSION = 5.0;
				TARGETED_DEVICE_FAMILY = "1,2";
			};
			name = Release;
		};
/* End XCBuildConfiguration section */

/* Begin XCConfigurationList section */
		51223638288F3D1E00CE646F /* Build configuration list for PBXProject "BasicAudioPlayer" */ = {
			isa = XCConfigurationList;
			buildConfigurations = (
				5122364F288F3D1F00CE646F /* Debug */,
				51223650288F3D1F00CE646F /* Release */,
			);
			defaultConfigurationIsVisible = 0;
			defaultConfigurationName = Release;
		};
		51223651288F3D1F00CE646F /* Build configuration list for PBXNativeTarget "BasicAudioPlayer" */ = {
			isa = XCConfigurationList;
			buildConfigurations = (
				51223652288F3D1F00CE646F /* Debug */,
				51223653288F3D1F00CE646F /* Release */,
			);
			defaultConfigurationIsVisible = 0;
			defaultConfigurationName = Release;
		};
/* End XCConfigurationList section */
	};
	rootObject = 51223635288F3D1E00CE646F /* Project object */;
}
